
Microsoft Visual Studio Solution File, Format Version 12.00
# Visual Studio Version 17
VisualStudioVersion = 17.0.32126.317
MinimumVisualStudioVersion = 10.0.40219.1
Project("{8BC9CEB8-8B4A-11D0-8D11-00A0C91BC942}") = "Alphonse", "Alphonse.vcxproj", "{ACF122E9-5457-4DF5-BF6D-614A314CABCC}"
EndProject
Global
	GlobalSection(SolutionConfigurationPlatforms) = preSolution
		Debug|x64 = Debug|x64
		Debug|x86 = Debug|x86
		Release|x64 = Release|x64
		Release|x86 = Release|x86
	EndGlobalSection
	GlobalSection(ProjectConfigurationPlatforms) = postSolution
		{ACF122E9-5457-4DF5-BF6D-614A314CABCC}.Debug|x64.ActiveCfg = Debug|x64
		{ACF122E9-5457-4DF5-BF6D-614A314CABCC}.Debug|x64.Build.0 = Debug|x64
		{ACF122E9-5457-4DF5-BF6D-614A314CABCC}.Debug|x86.ActiveCfg = Debug|Win32
		{ACF122E9-5457-4DF5-BF6D-614A314CABCC}.Debug|x86.Build.0 = Debug|Win32
		{ACF122E9-5457-4DF5-BF6D-614A314CABCC}.Release|x64.ActiveCfg = Release|x64
		{ACF122E9-5457-4DF5-BF6D-614A314CABCC}.Release|x64.Build.0 = Release|x64
		{ACF122E9-5457-4DF5-BF6D-614A314CABCC}.Release|x86.ActiveCfg = Release|Win32
		{ACF122E9-5457-4DF5-BF6D-614A314CABCC}.Release|x86.Build.0 = Release|Win32
	EndGlobalSection
	GlobalSection(SolutionProperties) = preSolution
		HideSolutionNode = FALSE
	EndGlobalSection
	GlobalSection(ExtensibilityGlobals) = postSolution
		SolutionGuid = {3A8D1BC7-5F35-4B4D-917B-8A8A028F9DF0}
	EndGlobalSection
EndGlobal
